
Microsoft Visual Studio Solution File, Format Version 12.00
# Visual Studio Version 16
VisualStudioVersion = 16.0.29409.12
MinimumVisualStudioVersion = 10.0.40219.1
Project("{9A19103F-16F7-4668-BE54-9A1E7A4F7556}") = "Nekara", "Nekara\Nekara.csproj", "{512148E5-4667-4BB0-900A-5E438651143F}"
EndProject
Global
	GlobalSection(SolutionConfigurationPlatforms) = preSolution
		Debug|Any CPU = Debug|Any CPU
		NekaraCompiler|Any CPU = NekaraCompiler|Any CPU
		Release|Any CPU = Release|Any CPU
	EndGlobalSection
	GlobalSection(ProjectConfigurationPlatforms) = postSolution
		{512148E5-4667-4BB0-900A-5E438651143F}.Debug|Any CPU.ActiveCfg = Debug|Any CPU
		{512148E5-4667-4BB0-900A-5E438651143F}.Debug|Any CPU.Build.0 = Debug|Any CPU
		{512148E5-4667-4BB0-900A-5E438651143F}.NekaraCompiler|Any CPU.ActiveCfg = Release|Any CPU
		{512148E5-4667-4BB0-900A-5E438651143F}.NekaraCompiler|Any CPU.Build.0 = Release|Any CPU
		{512148E5-4667-4BB0-900A-5E438651143F}.Release|Any CPU.ActiveCfg = Release|Any CPU
		{512148E5-4667-4BB0-900A-5E438651143F}.Release|Any CPU.Build.0 = Release|Any CPU
	EndGlobalSection
	GlobalSection(SolutionProperties) = preSolution
		HideSolutionNode = FALSE
	EndGlobalSection
	GlobalSection(ExtensibilityGlobals) = postSolution
		SolutionGuid = {996AFDEE-72E8-46B6-8BEA-2B14A723BD97}
	EndGlobalSection
EndGlobal
